// !$*UTF8*$!
{
	archiveVersion = 1;
	classes = {
	};
	objectVersion = 48;
	objects = {

/* Begin PBXBuildFile section */
		568F8F811F82A340000BCB56 /* String+Extension.swift in Sources */ = {isa = PBXBuildFile; fileRef = 568F8F801F82A340000BCB56 /* String+Extension.swift */; };
		568F8F851F82A49A000BCB56 /* Alert.swift in Sources */ = {isa = PBXBuildFile; fileRef = 568F8F841F82A49A000BCB56 /* Alert.swift */; };
		568F8F871F82A593000BCB56 /* LogInVC.swift in Sources */ = {isa = PBXBuildFile; fileRef = 568F8F861F82A593000BCB56 /* LogInVC.swift */; };
		56D0A3051FA8C7C100A7EF00 /* youtubeHomePageVC.swift in Sources */ = {isa = PBXBuildFile; fileRef = 56D0A3041FA8C7C100A7EF00 /* youtubeHomePageVC.swift */; };
		6D228EE91FD6711E00BF3295 /* LeetCodeProblems.swift in Sources */ = {isa = PBXBuildFile; fileRef = 6D228EE81FD6711E00BF3295 /* LeetCodeProblems.swift */; };
		6D4B262B1FA42A8400D01B6F /* webComponentVC.swift in Sources */ = {isa = PBXBuildFile; fileRef = 6D4B262A1FA42A8400D01B6F /* webComponentVC.swift */; };
		6D653A8C1FA3029400446674 /* InternetResult.swift in Sources */ = {isa = PBXBuildFile; fileRef = 6D653A8B1FA3029400446674 /* InternetResult.swift */; };
		6D653A941FA3047600446674 /* ARKitDemoTests.swift in Sources */ = {isa = PBXBuildFile; fileRef = 6D653A931FA3047600446674 /* ARKitDemoTests.swift */; };
		6D653A9C1FA304E500446674 /* NetworkRequest.swift in Sources */ = {isa = PBXBuildFile; fileRef = 6D653A9B1FA304E500446674 /* NetworkRequest.swift */; };
		6D653A9E1FA3062F00446674 /* RealNetworkRequest.swift in Sources */ = {isa = PBXBuildFile; fileRef = 6D653A9D1FA3062F00446674 /* RealNetworkRequest.swift */; };
		6D773CF91FAA03DE00FE2031 /* videoCollectionViewCell.swift in Sources */ = {isa = PBXBuildFile; fileRef = 6D773CF81FAA03DE00FE2031 /* videoCollectionViewCell.swift */; };
		6D8E0E3D1F72063100042703 /* AppDelegate.swift in Sources */ = {isa = PBXBuildFile; fileRef = 6D8E0E3C1F72063100042703 /* AppDelegate.swift */; };
		6D8E0E3F1F72063100042703 /* ViewController.swift in Sources */ = {isa = PBXBuildFile; fileRef = 6D8E0E3E1F72063100042703 /* ViewController.swift */; };
		6D8E0E421F72063100042703 /* Main.storyboard in Resources */ = {isa = PBXBuildFile; fileRef = 6D8E0E401F72063100042703 /* Main.storyboard */; };
		6D8E0E441F72063100042703 /* Assets.xcassets in Resources */ = {isa = PBXBuildFile; fileRef = 6D8E0E431F72063100042703 /* Assets.xcassets */; };
		6D8E0E471F72063100042703 /* LaunchScreen.storyboard in Resources */ = {isa = PBXBuildFile; fileRef = 6D8E0E451F72063100042703 /* LaunchScreen.storyboard */; };
		6DBEE20D2005E3300083BE5E /* PhotoOperations.swift in Sources */ = {isa = PBXBuildFile; fileRef = 6DBEE20C2005E3300083BE5E /* PhotoOperations.swift */; };
		6DD9742F2005AD170081F2FE /* PhotoListTableViewController.swift in Sources */ = {isa = PBXBuildFile; fileRef = 6DD9742E2005AD170081F2FE /* PhotoListTableViewController.swift */; };
		6DDC47061FBC155300CC727A /* LinkedList.swift in Sources */ = {isa = PBXBuildFile; fileRef = 6DDC47051FBC155300CC727A /* LinkedList.swift */; };
		6DDC47091FBD6CFF00CC727A /* InsertSort.swift in Sources */ = {isa = PBXBuildFile; fileRef = 6DDC47081FBD6CFF00CC727A /* InsertSort.swift */; };
		6DFFA6491F983D9000678931 /* LibraryApi.swift in Sources */ = {isa = PBXBuildFile; fileRef = 6DFFA6481F983D9000678931 /* LibraryApi.swift */; };
		BF643793866B046768962710 /* Pods_ARKitDemo.framework in Frameworks */ = {isa = PBXBuildFile; fileRef = 24CA152E95D5C5AF1553F057 /* Pods_ARKitDemo.framework */; };
/* End PBXBuildFile section */

/* Begin PBXContainerItemProxy section */
		6D653A961FA3047600446674 /* PBXContainerItemProxy */ = {
			isa = PBXContainerItemProxy;
			containerPortal = 6D8E0E311F72063100042703 /* Project object */;
			proxyType = 1;
			remoteGlobalIDString = 6D8E0E381F72063100042703;
			remoteInfo = ARKitDemo;
		};
/* End PBXContainerItemProxy section */

/* Begin PBXFileReference section */
		24CA152E95D5C5AF1553F057 /* Pods_ARKitDemo.framework */ = {isa = PBXFileReference; explicitFileType = wrapper.framework; includeInIndex = 0; path = Pods_ARKitDemo.framework; sourceTree = BUILT_PRODUCTS_DIR; };
		329F6962DFC3B28B89D41698 /* Pods-ARKitDemo.release.xcconfig */ = {isa = PBXFileReference; includeInIndex = 1; lastKnownFileType = text.xcconfig; name = "Pods-ARKitDemo.release.xcconfig"; path = "Pods/Target Support Files/Pods-ARKitDemo/Pods-ARKitDemo.release.xcconfig"; sourceTree = "<group>"; };
		4F68EA792C51B2E5CCC69FE9 /* Pods-ARKitDemo.debug.xcconfig */ = {isa = PBXFileReference; includeInIndex = 1; lastKnownFileType = text.xcconfig; name = "Pods-ARKitDemo.debug.xcconfig"; path = "Pods/Target Support Files/Pods-ARKitDemo/Pods-ARKitDemo.debug.xcconfig"; sourceTree = "<group>"; };
		568F8F801F82A340000BCB56 /* String+Extension.swift */ = {isa = PBXFileReference; lastKnownFileType = sourcecode.swift; path = "String+Extension.swift"; sourceTree = "<group>"; };
		568F8F841F82A49A000BCB56 /* Alert.swift */ = {isa = PBXFileReference; lastKnownFileType = sourcecode.swift; path = Alert.swift; sourceTree = "<group>"; };
		568F8F861F82A593000BCB56 /* LogInVC.swift */ = {isa = PBXFileReference; lastKnownFileType = sourcecode.swift; path = LogInVC.swift; sourceTree = "<group>"; };
		56D0A3041FA8C7C100A7EF00 /* youtubeHomePageVC.swift */ = {isa = PBXFileReference; lastKnownFileType = sourcecode.swift; path = youtubeHomePageVC.swift; sourceTree = "<group>"; };
		6D228EE81FD6711E00BF3295 /* LeetCodeProblems.swift */ = {isa = PBXFileReference; lastKnownFileType = sourcecode.swift; path = LeetCodeProblems.swift; sourceTree = "<group>"; };
		6D4B262A1FA42A8400D01B6F /* webComponentVC.swift */ = {isa = PBXFileReference; lastKnownFileType = sourcecode.swift; path = webComponentVC.swift; sourceTree = "<group>"; };
		6D653A8B1FA3029400446674 /* InternetResult.swift */ = {isa = PBXFileReference; lastKnownFileType = sourcecode.swift; path = InternetResult.swift; sourceTree = "<group>"; };
		6D653A911FA3047600446674 /* ARKitDemoTests.xctest */ = {isa = PBXFileReference; explicitFileType = wrapper.cfbundle; includeInIndex = 0; path = ARKitDemoTests.xctest; sourceTree = BUILT_PRODUCTS_DIR; };
		6D653A931FA3047600446674 /* ARKitDemoTests.swift */ = {isa = PBXFileReference; lastKnownFileType = sourcecode.swift; path = ARKitDemoTests.swift; sourceTree = "<group>"; };
		6D653A951FA3047600446674 /* Info.plist */ = {isa = PBXFileReference; lastKnownFileType = text.plist.xml; path = Info.plist; sourceTree = "<group>"; };
		6D653A9B1FA304E500446674 /* NetworkRequest.swift */ = {isa = PBXFileReference; lastKnownFileType = sourcecode.swift; path = NetworkRequest.swift; sourceTree = "<group>"; };
		6D653A9D1FA3062F00446674 /* RealNetworkRequest.swift */ = {isa = PBXFileReference; lastKnownFileType = sourcecode.swift; path = RealNetworkRequest.swift; sourceTree = "<group>"; };
		6D773CF81FAA03DE00FE2031 /* videoCollectionViewCell.swift */ = {isa = PBXFileReference; lastKnownFileType = sourcecode.swift; path = videoCollectionViewCell.swift; sourceTree = "<group>"; };
		6D8E0E391F72063100042703 /* ARKitDemo.app */ = {isa = PBXFileReference; explicitFileType = wrapper.application; includeInIndex = 0; path = ARKitDemo.app; sourceTree = BUILT_PRODUCTS_DIR; };
		6D8E0E3C1F72063100042703 /* AppDelegate.swift */ = {isa = PBXFileReference; lastKnownFileType = sourcecode.swift; path = AppDelegate.swift; sourceTree = "<group>"; };
		6D8E0E3E1F72063100042703 /* ViewController.swift */ = {isa = PBXFileReference; lastKnownFileType = sourcecode.swift; path = ViewController.swift; sourceTree = "<group>"; };
		6D8E0E411F72063100042703 /* Base */ = {isa = PBXFileReference; lastKnownFileType = file.storyboard; name = Base; path = Base.lproj/Main.storyboard; sourceTree = "<group>"; };
		6D8E0E431F72063100042703 /* Assets.xcassets */ = {isa = PBXFileReference; lastKnownFileType = folder.assetcatalog; path = Assets.xcassets; sourceTree = "<group>"; };
		6D8E0E461F72063100042703 /* Base */ = {isa = PBXFileReference; lastKnownFileType = file.storyboard; name = Base; path = Base.lproj/LaunchScreen.storyboard; sourceTree = "<group>"; };
		6D8E0E481F72063100042703 /* Info.plist */ = {isa = PBXFileReference; lastKnownFileType = text.plist.xml; path = Info.plist; sourceTree = "<group>"; };
		6DBEE20C2005E3300083BE5E /* PhotoOperations.swift */ = {isa = PBXFileReference; lastKnownFileType = sourcecode.swift; path = PhotoOperations.swift; sourceTree = "<group>"; };
		6DD9742E2005AD170081F2FE /* PhotoListTableViewController.swift */ = {isa = PBXFileReference; lastKnownFileType = sourcecode.swift; path = PhotoListTableViewController.swift; sourceTree = "<group>"; };
		6DDC47051FBC155300CC727A /* LinkedList.swift */ = {isa = PBXFileReference; lastKnownFileType = sourcecode.swift; path = LinkedList.swift; sourceTree = "<group>"; };
		6DDC47081FBD6CFF00CC727A /* InsertSort.swift */ = {isa = PBXFileReference; lastKnownFileType = sourcecode.swift; path = InsertSort.swift; sourceTree = "<group>"; };
		6DFFA6481F983D9000678931 /* LibraryApi.swift */ = {isa = PBXFileReference; lastKnownFileType = sourcecode.swift; path = LibraryApi.swift; sourceTree = "<group>"; };
/* End PBXFileReference section */

/* Begin PBXFrameworksBuildPhase section */
		6D653A8E1FA3047600446674 /* Frameworks */ = {
			isa = PBXFrameworksBuildPhase;
			buildActionMask = 2147483647;
			files = (
			);
			runOnlyForDeploymentPostprocessing = 0;
		};
		6D8E0E361F72063100042703 /* Frameworks */ = {
			isa = PBXFrameworksBuildPhase;
			buildActionMask = 2147483647;
			files = (
				BF643793866B046768962710 /* Pods_ARKitDemo.framework in Frameworks */,
			);
			runOnlyForDeploymentPostprocessing = 0;
		};
/* End PBXFrameworksBuildPhase section */

/* Begin PBXGroup section */
		14EE301AAD2861689B5AEAD3 /* Frameworks */ = {
			isa = PBXGroup;
			children = (
				24CA152E95D5C5AF1553F057 /* Pods_ARKitDemo.framework */,
			);
			name = Frameworks;
			sourceTree = "<group>";
		};
		3A4E34951CFD6AAD54989D62 /* Pods */ = {
			isa = PBXGroup;
			children = (
				4F68EA792C51B2E5CCC69FE9 /* Pods-ARKitDemo.debug.xcconfig */,
				329F6962DFC3B28B89D41698 /* Pods-ARKitDemo.release.xcconfig */,
			);
			name = Pods;
			sourceTree = "<group>";
		};
		568F8F7F1F82A303000BCB56 /* LogInComponent */ = {
			isa = PBXGroup;
			children = (
				568F8F861F82A593000BCB56 /* LogInVC.swift */,
			);
			path = LogInComponent;
			sourceTree = "<group>";
		};
		568F8F821F82A47C000BCB56 /* Extension */ = {
			isa = PBXGroup;
			children = (
				568F8F801F82A340000BCB56 /* String+Extension.swift */,
			);
			path = Extension;
			sourceTree = "<group>";
		};
		568F8F831F82A487000BCB56 /* Utils */ = {
			isa = PBXGroup;
			children = (
				568F8F841F82A49A000BCB56 /* Alert.swift */,
				6D653A9B1FA304E500446674 /* NetworkRequest.swift */,
				6D653A9D1FA3062F00446674 /* RealNetworkRequest.swift */,
			);
			path = Utils;
			sourceTree = "<group>";
		};
		56D0A3031FA8C79600A7EF00 /* youtubeComponent */ = {
			isa = PBXGroup;
			children = (
				56D0A3041FA8C7C100A7EF00 /* youtubeHomePageVC.swift */,
				6D773CF81FAA03DE00FE2031 /* videoCollectionViewCell.swift */,
			);
			name = youtubeComponent;
			path = Extension;
			sourceTree = "<group>";
		};
		6D228EE71FD670FD00BF3295 /* LeetCode */ = {
			isa = PBXGroup;
			children = (
				6D228EE81FD6711E00BF3295 /* LeetCodeProblems.swift */,
			);
			path = LeetCode;
			sourceTree = "<group>";
		};
		6D4B26291FA42A5300D01B6F /* webComponent */ = {
			isa = PBXGroup;
			children = (
				6D4B262A1FA42A8400D01B6F /* webComponentVC.swift */,
			);
			path = webComponent;
			sourceTree = "<group>";
		};
		6D653A8A1FA3026B00446674 /* Model */ = {
			isa = PBXGroup;
			children = (
				6D653A8B1FA3029400446674 /* InternetResult.swift */,
			);
			path = Model;
			sourceTree = "<group>";
		};
		6D653A921FA3047600446674 /* ARKitDemoTests */ = {
			isa = PBXGroup;
			children = (
				6D653A931FA3047600446674 /* ARKitDemoTests.swift */,
				6D653A951FA3047600446674 /* Info.plist */,
			);
			path = ARKitDemoTests;
			sourceTree = "<group>";
		};
		6D8E0E301F72063100042703 = {
			isa = PBXGroup;
			children = (
				6D8E0E3B1F72063100042703 /* ARKitDemo */,
				6D653A921FA3047600446674 /* ARKitDemoTests */,
				6D8E0E3A1F72063100042703 /* Products */,
				3A4E34951CFD6AAD54989D62 /* Pods */,
				14EE301AAD2861689B5AEAD3 /* Frameworks */,
			);
			sourceTree = "<group>";
		};
		6D8E0E3A1F72063100042703 /* Products */ = {
			isa = PBXGroup;
			children = (
				6D8E0E391F72063100042703 /* ARKitDemo.app */,
				6D653A911FA3047600446674 /* ARKitDemoTests.xctest */,
			);
			name = Products;
			sourceTree = "<group>";
		};
		6D8E0E3B1F72063100042703 /* ARKitDemo */ = {
			isa = PBXGroup;
			children = (
				6D653A8A1FA3026B00446674 /* Model */,
				6DFFA6471F983D5D00678931 /* Library */,
				568F8F831F82A487000BCB56 /* Utils */,
				568F8F821F82A47C000BCB56 /* Extension */,
				6D4B26291FA42A5300D01B6F /* webComponent */,
				568F8F7F1F82A303000BCB56 /* LogInComponent */,
				56D0A3031FA8C79600A7EF00 /* youtubeComponent */,
				6D8E0E3C1F72063100042703 /* AppDelegate.swift */,
				6D8E0E3E1F72063100042703 /* ViewController.swift */,
				6DD9742D2005ACE20081F2FE /* multithreadDemo */,
				6DD9742C2005ACCD0081F2FE /* Algorithm */,
				6D8E0E401F72063100042703 /* Main.storyboard */,
				6D8E0E431F72063100042703 /* Assets.xcassets */,
				6D8E0E451F72063100042703 /* LaunchScreen.storyboard */,
				6D8E0E481F72063100042703 /* Info.plist */,
			);
			path = ARKitDemo;
			sourceTree = "<group>";
		};
		6DD9742C2005ACCD0081F2FE /* Algorithm */ = {
			isa = PBXGroup;
			children = (
				6D228EE71FD670FD00BF3295 /* LeetCode */,
				6DDC47071FBD6CD600CC727A /* Sort */,
				6DDC47041FBC153300CC727A /* LinkedList */,
			);
			path = Algorithm;
			sourceTree = "<group>";
		};
		6DD9742D2005ACE20081F2FE /* multithreadDemo */ = {
			isa = PBXGroup;
			children = (
				6DD9742E2005AD170081F2FE /* PhotoListTableViewController.swift */,
				6DBEE20C2005E3300083BE5E /* PhotoOperations.swift */,
			);
			path = multithreadDemo;
			sourceTree = "<group>";
		};
		6DDC47041FBC153300CC727A /* LinkedList */ = {
			isa = PBXGroup;
			children = (
				6DDC47051FBC155300CC727A /* LinkedList.swift */,
			);
			path = LinkedList;
			sourceTree = "<group>";
		};
		6DDC47071FBD6CD600CC727A /* Sort */ = {
			isa = PBXGroup;
			children = (
				6DDC47081FBD6CFF00CC727A /* InsertSort.swift */,
			);
			path = Sort;
			sourceTree = "<group>";
		};
		6DFFA6471F983D5D00678931 /* Library */ = {
			isa = PBXGroup;
			children = (
				6DFFA6481F983D9000678931 /* LibraryApi.swift */,
			);
			path = Library;
			sourceTree = "<group>";
		};
/* End PBXGroup section */

/* Begin PBXNativeTarget section */
		6D653A901FA3047600446674 /* ARKitDemoTests */ = {
			isa = PBXNativeTarget;
			buildConfigurationList = 6D653A981FA3047600446674 /* Build configuration list for PBXNativeTarget "ARKitDemoTests" */;
			buildPhases = (
				6D653A8D1FA3047600446674 /* Sources */,
				6D653A8E1FA3047600446674 /* Frameworks */,
				6D653A8F1FA3047600446674 /* Resources */,
			);
			buildRules = (
			);
			dependencies = (
				6D653A971FA3047600446674 /* PBXTargetDependency */,
			);
			name = ARKitDemoTests;
			productName = ARKitDemoTests;
			productReference = 6D653A911FA3047600446674 /* ARKitDemoTests.xctest */;
			productType = "com.apple.product-type.bundle.unit-test";
		};
		6D8E0E381F72063100042703 /* ARKitDemo */ = {
			isa = PBXNativeTarget;
			buildConfigurationList = 6D8E0E4B1F72063100042703 /* Build configuration list for PBXNativeTarget "ARKitDemo" */;
			buildPhases = (
				2A3DA97AB4538C6405E80564 /* [CP] Check Pods Manifest.lock */,
				6D8E0E351F72063100042703 /* Sources */,
				6D8E0E361F72063100042703 /* Frameworks */,
				6D8E0E371F72063100042703 /* Resources */,
				15D69E5EE82D0956035E9D23 /* [CP] Embed Pods Frameworks */,
				AD16D45D3245BE7E8A134D8A /* [CP] Copy Pods Resources */,
			);
			buildRules = (
			);
			dependencies = (
			);
			name = ARKitDemo;
			productName = ARKitDemo;
			productReference = 6D8E0E391F72063100042703 /* ARKitDemo.app */;
			productType = "com.apple.product-type.application";
		};
/* End PBXNativeTarget section */

/* Begin PBXProject section */
		6D8E0E311F72063100042703 /* Project object */ = {
			isa = PBXProject;
			attributes = {
				LastSwiftUpdateCheck = 0900;
				LastUpgradeCheck = 0900;
				ORGANIZATIONNAME = ernie.cheng;
				TargetAttributes = {
					6D653A901FA3047600446674 = {
						CreatedOnToolsVersion = 9.0;
						ProvisioningStyle = Automatic;
						TestTargetID = 6D8E0E381F72063100042703;
					};
					6D8E0E381F72063100042703 = {
						CreatedOnToolsVersion = 9.0;
						ProvisioningStyle = Automatic;
					};
				};
			};
			buildConfigurationList = 6D8E0E341F72063100042703 /* Build configuration list for PBXProject "ARKitDemo" */;
			compatibilityVersion = "Xcode 8.0";
			developmentRegion = en;
			hasScannedForEncodings = 0;
			knownRegions = (
				en,
				Base,
			);
			mainGroup = 6D8E0E301F72063100042703;
			productRefGroup = 6D8E0E3A1F72063100042703 /* Products */;
			projectDirPath = "";
			projectRoot = "";
			targets = (
				6D8E0E381F72063100042703 /* ARKitDemo */,
				6D653A901FA3047600446674 /* ARKitDemoTests */,
			);
		};
/* End PBXProject section */

/* Begin PBXResourcesBuildPhase section */
		6D653A8F1FA3047600446674 /* Resources */ = {
			isa = PBXResourcesBuildPhase;
			buildActionMask = 2147483647;
			files = (
			);
			runOnlyForDeploymentPostprocessing = 0;
		};
		6D8E0E371F72063100042703 /* Resources */ = {
			isa = PBXResourcesBuildPhase;
			buildActionMask = 2147483647;
			files = (
				6D8E0E471F72063100042703 /* LaunchScreen.storyboard in Resources */,
				6D8E0E441F72063100042703 /* Assets.xcassets in Resources */,
				6D8E0E421F72063100042703 /* Main.storyboard in Resources */,
			);
			runOnlyForDeploymentPostprocessing = 0;
		};
/* End PBXResourcesBuildPhase section */

/* Begin PBXShellScriptBuildPhase section */
		15D69E5EE82D0956035E9D23 /* [CP] Embed Pods Frameworks */ = {
			isa = PBXShellScriptBuildPhase;
			buildActionMask = 12;
			files = (
			);
			inputPaths = (
				"${SRCROOT}/Pods/Target Support Files/Pods-ARKitDemo/Pods-ARKitDemo-frameworks.sh",
				"${BUILT_PRODUCTS_DIR}/Alamofire/Alamofire.framework",
			);
			name = "[CP] Embed Pods Frameworks";
			outputPaths = (
				"${TARGET_BUILD_DIR}/${FRAMEWORKS_FOLDER_PATH}/Alamofire.framework",
			);
			runOnlyForDeploymentPostprocessing = 0;
			shellPath = /bin/sh;
			shellScript = "\"${SRCROOT}/Pods/Target Support Files/Pods-ARKitDemo/Pods-ARKitDemo-frameworks.sh\"\n";
			showEnvVarsInLog = 0;
		};
		2A3DA97AB4538C6405E80564 /* [CP] Check Pods Manifest.lock */ = {
			isa = PBXShellScriptBuildPhase;
			buildActionMask = 2147483647;
			files = (
			);
			inputPaths = (
				"${PODS_PODFILE_DIR_PATH}/Podfile.lock",
				"${PODS_ROOT}/Manifest.lock",
			);
			name = "[CP] Check Pods Manifest.lock";
			outputPaths = (
				"$(DERIVED_FILE_DIR)/Pods-ARKitDemo-checkManifestLockResult.txt",
			);
			runOnlyForDeploymentPostprocessing = 0;
			shellPath = /bin/sh;
			shellScript = "diff \"${PODS_PODFILE_DIR_PATH}/Podfile.lock\" \"${PODS_ROOT}/Manifest.lock\" > /dev/null\nif [ $? != 0 ] ; then\n    # print error to STDERR\n    echo \"error: The sandbox is not in sync with the Podfile.lock. Run 'pod install' or update your CocoaPods installation.\" >&2\n    exit 1\nfi\n";
			showEnvVarsInLog = 0;
		};
		AD16D45D3245BE7E8A134D8A /* [CP] Copy Pods Resources */ = {
			isa = PBXShellScriptBuildPhase;
			buildActionMask = 12;
			files = (
			);
			inputPaths = (
			);
			name = "[CP] Copy Pods Resources";
			outputPaths = (
			);
			runOnlyForDeploymentPostprocessing = 0;
			shellPath = /bin/sh;
			shellScript = "\"${SRCROOT}/Pods/Target Support Files/Pods-ARKitDemo/Pods-ARKitDemo-resources.sh\"\n";
			showEnvVarsInLog = 0;
		};
/* End PBXShellScriptBuildPhase section */

/* Begin PBXSourcesBuildPhase section */
		6D653A8D1FA3047600446674 /* Sources */ = {
			isa = PBXSourcesBuildPhase;
			buildActionMask = 2147483647;
			files = (
				6D653A941FA3047600446674 /* ARKitDemoTests.swift in Sources */,
			);
			runOnlyForDeploymentPostprocessing = 0;
		};
		6D8E0E351F72063100042703 /* Sources */ = {
			isa = PBXSourcesBuildPhase;
			buildActionMask = 2147483647;
			files = (
				56D0A3051FA8C7C100A7EF00 /* youtubeHomePageVC.swift in Sources */,
				6DFFA6491F983D9000678931 /* LibraryApi.swift in Sources */,
				6DD9742F2005AD170081F2FE /* PhotoListTableViewController.swift in Sources */,
				6DDC47091FBD6CFF00CC727A /* InsertSort.swift in Sources */,
				6D773CF91FAA03DE00FE2031 /* videoCollectionViewCell.swift in Sources */,
				6D653A8C1FA3029400446674 /* InternetResult.swift in Sources */,
				6D653A9C1FA304E500446674 /* NetworkRequest.swift in Sources */,
				6D8E0E3F1F72063100042703 /* ViewController.swift in Sources */,
				568F8F811F82A340000BCB56 /* String+Extension.swift in Sources */,
				6D653A9E1FA3062F00446674 /* RealNetworkRequest.swift in Sources */,
				568F8F851F82A49A000BCB56 /* Alert.swift in Sources */,
				6DBEE20D2005E3300083BE5E /* PhotoOperations.swift in Sources */,
				568F8F871F82A593000BCB56 /* LogInVC.swift in Sources */,
				6D228EE91FD6711E00BF3295 /* LeetCodeProblems.swift in Sources */,
				6D8E0E3D1F72063100042703 /* AppDelegate.swift in Sources */,
				6DDC47061FBC155300CC727A /* LinkedList.swift in Sources */,
				6D4B262B1FA42A8400D01B6F /* webComponentVC.swift in Sources */,
			);
			runOnlyForDeploymentPostprocessing = 0;
		};
/* End PBXSourcesBuildPhase section */

/* Begin PBXTargetDependency section */
		6D653A971FA3047600446674 /* PBXTargetDependency */ = {
			isa = PBXTargetDependency;
			target = 6D8E0E381F72063100042703 /* ARKitDemo */;
			targetProxy = 6D653A961FA3047600446674 /* PBXContainerItemProxy */;
		};
/* End PBXTargetDependency section */

/* Begin PBXVariantGroup section */
		6D8E0E401F72063100042703 /* Main.storyboard */ = {
			isa = PBXVariantGroup;
			children = (
				6D8E0E411F72063100042703 /* Base */,
			);
			name = Main.storyboard;
			sourceTree = "<group>";
		};
		6D8E0E451F72063100042703 /* LaunchScreen.storyboard */ = {
			isa = PBXVariantGroup;
			children = (
				6D8E0E461F72063100042703 /* Base */,
			);
			name = LaunchScreen.storyboard;
			sourceTree = "<group>";
		};
/* End PBXVariantGroup section */

/* Begin XCBuildConfiguration section */
		6D653A991FA3047600446674 /* Debug */ = {
			isa = XCBuildConfiguration;
			buildSettings = {
				BUNDLE_LOADER = "$(TEST_HOST)";
				CODE_SIGN_STYLE = Automatic;
				INFOPLIST_FILE = ARKitDemoTests/Info.plist;
				LD_RUNPATH_SEARCH_PATHS = "$(inherited) @executable_path/Frameworks @loader_path/Frameworks";
				PRODUCT_BUNDLE_IDENTIFIER = com.perficient.ernie.ARKitDemoTests;
				PRODUCT_NAME = "$(TARGET_NAME)";
				SWIFT_VERSION = 4.0;
				TARGETED_DEVICE_FAMILY = "1,2";
				TEST_HOST = "$(BUILT_PRODUCTS_DIR)/ARKitDemo.app/ARKitDemo";
			};
			name = Debug;
		};
		6D653A9A1FA3047600446674 /* Release */ = {
			isa = XCBuildConfiguration;
			buildSettings = {
				BUNDLE_LOADER = "$(TEST_HOST)";
				CODE_SIGN_STYLE = Automatic;
				INFOPLIST_FILE = ARKitDemoTests/Info.plist;
				LD_RUNPATH_SEARCH_PATHS = "$(inherited) @executable_path/Frameworks @loader_path/Frameworks";
				PRODUCT_BUNDLE_IDENTIFIER = com.perficient.ernie.ARKitDemoTests;
				PRODUCT_NAME = "$(TARGET_NAME)";
				SWIFT_VERSION = 4.0;
				TARGETED_DEVICE_FAMILY = "1,2";
				TEST_HOST = "$(BUILT_PRODUCTS_DIR)/ARKitDemo.app/ARKitDemo";
			};
			name = Release;
		};
		6D8E0E491F72063100042703 /* Debug */ = {
			isa = XCBuildConfiguration;
			buildSettings = {
				ALWAYS_SEARCH_USER_PATHS = NO;
				CLANG_ANALYZER_NONNULL = YES;
				CLANG_ANALYZER_NUMBER_OBJECT_CONVERSION = YES_AGGRESSIVE;
				CLANG_CXX_LANGUAGE_STANDARD = "gnu++14";
				CLANG_CXX_LIBRARY = "libc++";
				CLANG_ENABLE_MODULES = YES;
				CLANG_ENABLE_OBJC_ARC = YES;
				CLANG_WARN_BLOCK_CAPTURE_AUTORELEASING = YES;
				CLANG_WARN_BOOL_CONVERSION = YES;
				CLANG_WARN_COMMA = YES;
				CLANG_WARN_CONSTANT_CONVERSION = YES;
				CLANG_WARN_DIRECT_OBJC_ISA_USAGE = YES_ERROR;
				CLANG_WARN_DOCUMENTATION_COMMENTS = YES;
				CLANG_WARN_EMPTY_BODY = YES;
				CLANG_WARN_ENUM_CONVERSION = YES;
				CLANG_WARN_INFINITE_RECURSION = YES;
				CLANG_WARN_INT_CONVERSION = YES;
				CLANG_WARN_NON_LITERAL_NULL_CONVERSION = YES;
				CLANG_WARN_OBJC_LITERAL_CONVERSION = YES;
				CLANG_WARN_OBJC_ROOT_CLASS = YES_ERROR;
				CLANG_WARN_RANGE_LOOP_ANALYSIS = YES;
				CLANG_WARN_STRICT_PROTOTYPES = YES;
				CLANG_WARN_SUSPICIOUS_MOVE = YES;
				CLANG_WARN_UNGUARDED_AVAILABILITY = YES_AGGRESSIVE;
				CLANG_WARN_UNREACHABLE_CODE = YES;
				CLANG_WARN__DUPLICATE_METHOD_MATCH = YES;
				CODE_SIGN_IDENTITY = "iPhone Developer";
				COPY_PHASE_STRIP = NO;
				DEBUG_INFORMATION_FORMAT = dwarf;
				ENABLE_STRICT_OBJC_MSGSEND = YES;
				ENABLE_TESTABILITY = YES;
				GCC_C_LANGUAGE_STANDARD = gnu11;
				GCC_DYNAMIC_NO_PIC = NO;
				GCC_NO_COMMON_BLOCKS = YES;
				GCC_OPTIMIZATION_LEVEL = 0;
				GCC_PREPROCESSOR_DEFINITIONS = (
					"DEBUG=1",
					"$(inherited)",
				);
				GCC_WARN_64_TO_32_BIT_CONVERSION = YES;
				GCC_WARN_ABOUT_RETURN_TYPE = YES_ERROR;
				GCC_WARN_UNDECLARED_SELECTOR = YES;
				GCC_WARN_UNINITIALIZED_AUTOS = YES_AGGRESSIVE;
				GCC_WARN_UNUSED_FUNCTION = YES;
				GCC_WARN_UNUSED_VARIABLE = YES;
				IPHONEOS_DEPLOYMENT_TARGET = 11.0;
				MTL_ENABLE_DEBUG_INFO = YES;
				ONLY_ACTIVE_ARCH = YES;
				SDKROOT = iphoneos;
				SWIFT_ACTIVE_COMPILATION_CONDITIONS = DEBUG;
				SWIFT_OPTIMIZATION_LEVEL = "-Onone";
			};
			name = Debug;
		};
		6D8E0E4A1F72063100042703 /* Release */ = {
			isa = XCBuildConfiguration;
			buildSettings = {
				ALWAYS_SEARCH_USER_PATHS = NO;
				CLANG_ANALYZER_NONNULL = YES;
				CLANG_ANALYZER_NUMBER_OBJECT_CONVERSION = YES_AGGRESSIVE;
				CLANG_CXX_LANGUAGE_STANDARD = "gnu++14";
				CLANG_CXX_LIBRARY = "libc++";
				CLANG_ENABLE_MODULES = YES;
				CLANG_ENABLE_OBJC_ARC = YES;
				CLANG_WARN_BLOCK_CAPTURE_AUTORELEASING = YES;
				CLANG_WARN_BOOL_CONVERSION = YES;
				CLANG_WARN_COMMA = YES;
				CLANG_WARN_CONSTANT_CONVERSION = YES;
				CLANG_WARN_DIRECT_OBJC_ISA_USAGE = YES_ERROR;
				CLANG_WARN_DOCUMENTATION_COMMENTS = YES;
				CLANG_WARN_EMPTY_BODY = YES;
				CLANG_WARN_ENUM_CONVERSION = YES;
				CLANG_WARN_INFINITE_RECURSION = YES;
				CLANG_WARN_INT_CONVERSION = YES;
				CLANG_WARN_NON_LITERAL_NULL_CONVERSION = YES;
				CLANG_WARN_OBJC_LITERAL_CONVERSION = YES;
				CLANG_WARN_OBJC_ROOT_CLASS = YES_ERROR;
				CLANG_WARN_RANGE_LOOP_ANALYSIS = YES;
				CLANG_WARN_STRICT_PROTOTYPES = YES;
				CLANG_WARN_SUSPICIOUS_MOVE = YES;
				CLANG_WARN_UNGUARDED_AVAILABILITY = YES_AGGRESSIVE;
				CLANG_WARN_UNREACHABLE_CODE = YES;
				CLANG_WARN__DUPLICATE_METHOD_MATCH = YES;
				CODE_SIGN_IDENTITY = "iPhone Developer";
				COPY_PHASE_STRIP = NO;
				DEBUG_INFORMATION_FORMAT = "dwarf-with-dsym";
				ENABLE_NS_ASSERTIONS = NO;
				ENABLE_STRICT_OBJC_MSGSEND = YES;
				GCC_C_LANGUAGE_STANDARD = gnu11;
				GCC_NO_COMMON_BLOCKS = YES;
				GCC_WARN_64_TO_32_BIT_CONVERSION = YES;
				GCC_WARN_ABOUT_RETURN_TYPE = YES_ERROR;
				GCC_WARN_UNDECLARED_SELECTOR = YES;
				GCC_WARN_UNINITIALIZED_AUTOS = YES_AGGRESSIVE;
				GCC_WARN_UNUSED_FUNCTION = YES;
				GCC_WARN_UNUSED_VARIABLE = YES;
				IPHONEOS_DEPLOYMENT_TARGET = 11.0;
				MTL_ENABLE_DEBUG_INFO = NO;
				SDKROOT = iphoneos;
				SWIFT_OPTIMIZATION_LEVEL = "-Owholemodule";
				VALIDATE_PRODUCT = YES;
			};
			name = Release;
		};
		6D8E0E4C1F72063100042703 /* Debug */ = {
			isa = XCBuildConfiguration;
			baseConfigurationReference = 4F68EA792C51B2E5CCC69FE9 /* Pods-ARKitDemo.debug.xcconfig */;
			buildSettings = {
				ASSETCATALOG_COMPILER_APPICON_NAME = AppIcon;
				CODE_SIGN_STYLE = Automatic;
				DEVELOPMENT_TEAM = R39KQQ8QNU;
				INFOPLIST_FILE = ARKitDemo/Info.plist;
				LD_RUNPATH_SEARCH_PATHS = "$(inherited) @executable_path/Frameworks";
				PRODUCT_BUNDLE_IDENTIFIER = com.perficient.ernie.ARKitDem;
				PRODUCT_NAME = "$(TARGET_NAME)";
				SWIFT_VERSION = 4.0;
				TARGETED_DEVICE_FAMILY = "1,2";
			};
			name = Debug;
		};
		6D8E0E4D1F72063100042703 /* Release */ = {
			isa = XCBuildConfiguration;
			baseConfigurationReference = 329F6962DFC3B28B89D41698 /* Pods-ARKitDemo.release.xcconfig */;
			buildSettings = {
				ASSETCATALOG_COMPILER_APPICON_NAME = AppIcon;
				CODE_SIGN_STYLE = Automatic;
				DEVELOPMENT_TEAM = R39KQQ8QNU;
				INFOPLIST_FILE = ARKitDemo/Info.plist;
				LD_RUNPATH_SEARCH_PATHS = "$(inherited) @executable_path/Frameworks";
				PRODUCT_BUNDLE_IDENTIFIER = com.perficient.ernie.ARKitDem;
				PRODUCT_NAME = "$(TARGET_NAME)";
				SWIFT_VERSION = 4.0;
				TARGETED_DEVICE_FAMILY = "1,2";
			};
			name = Release;
		};
/* End XCBuildConfiguration section */

/* Begin XCConfigurationList section */
		6D653A981FA3047600446674 /* Build configuration list for PBXNativeTarget "ARKitDemoTests" */ = {
			isa = XCConfigurationList;
			buildConfigurations = (
				6D653A991FA3047600446674 /* Debug */,
				6D653A9A1FA3047600446674 /* Release */,
			);
			defaultConfigurationIsVisible = 0;
			defaultConfigurationName = Release;
		};
		6D8E0E341F72063100042703 /* Build configuration list for PBXProject "ARKitDemo" */ = {
			isa = XCConfigurationList;
			buildConfigurations = (
				6D8E0E491F72063100042703 /* Debug */,
				6D8E0E4A1F72063100042703 /* Release */,
			);
			defaultConfigurationIsVisible = 0;
			defaultConfigurationName = Release;
		};
		6D8E0E4B1F72063100042703 /* Build configuration list for PBXNativeTarget "ARKitDemo" */ = {
			isa = XCConfigurationList;
			buildConfigurations = (
				6D8E0E4C1F72063100042703 /* Debug */,
				6D8E0E4D1F72063100042703 /* Release */,
			);
			defaultConfigurationIsVisible = 0;
			defaultConfigurationName = Release;
		};
/* End XCConfigurationList section */
	};
	rootObject = 6D8E0E311F72063100042703 /* Project object */;
}
